
Microsoft Visual Studio Solution File, Format Version 12.00
# Visual Studio Version 17
VisualStudioVersion = 17.11.35327.3
MinimumVisualStudioVersion = 10.0.40219.1
Project("{FAE04EC0-301F-11D3-BF4B-00C04F79EFBC}") = "ProyectoFinal", "ProyectoFinal\ProyectoFinal.csproj", "{77642B1A-AE2D-4E3F-9D22-73608725CC9B}"
EndProject
Global
	GlobalSection(SolutionConfigurationPlatforms) = preSolution
		Debug|Any CPU = Debug|Any CPU
		Release|Any CPU = Release|Any CPU
	EndGlobalSection
	GlobalSection(ProjectConfigurationPlatforms) = postSolution
		{77642B1A-AE2D-4E3F-9D22-73608725CC9B}.Debug|Any CPU.ActiveCfg = Debug|Any CPU
		{77642B1A-AE2D-4E3F-9D22-73608725CC9B}.Debug|Any CPU.Build.0 = Debug|Any CPU
		{77642B1A-AE2D-4E3F-9D22-73608725CC9B}.Release|Any CPU.ActiveCfg = Release|Any CPU
		{77642B1A-AE2D-4E3F-9D22-73608725CC9B}.Release|Any CPU.Build.0 = Release|Any CPU
	EndGlobalSection
	GlobalSection(SolutionProperties) = preSolution
		HideSolutionNode = FALSE
	EndGlobalSection
	GlobalSection(ExtensibilityGlobals) = postSolution
		SolutionGuid = {345C49AE-7B4E-4420-98B8-254BF4D7C560}
	EndGlobalSection
EndGlobal
